
Microsoft Visual Studio Solution File, Format Version 11.00
# Visual Studio 2010
Project("{FAE04EC0-301F-11D3-BF4B-00C04F79EFBC}") = "Assembly-CSharp", "Assembly-CSharp.csproj", "{E792C6BA-BCBC-DEF9-FC7B-D72980D1309D}"
EndProject
Project("{FAE04EC0-301F-11D3-BF4B-00C04F79EFBC}") = "Assembly-CSharp-firstpass", "Assembly-CSharp-firstpass.csproj", "{24C4BBA3-281D-EC39-7856-FD8EC10012E8}"
EndProject
Project("{FAE04EC0-301F-11D3-BF4B-00C04F79EFBC}") = "Assembly-CSharp-Editor-firstpass", "Assembly-CSharp-Editor-firstpass.csproj", "{22B9FC4F-037F-5758-E4A2-2FC1EB6D3308}"
EndProject
Global
	GlobalSection(SolutionConfigurationPlatforms) = preSolution
		Debug|Any CPU = Debug|Any CPU
		Release|Any CPU = Release|Any CPU
	EndGlobalSection
	GlobalSection(ProjectConfigurationPlatforms) = postSolution
		{E792C6BA-BCBC-DEF9-FC7B-D72980D1309D}.Debug|Any CPU.ActiveCfg = Debug|Any CPU
		{E792C6BA-BCBC-DEF9-FC7B-D72980D1309D}.Debug|Any CPU.Build.0 = Debug|Any CPU
		{E792C6BA-BCBC-DEF9-FC7B-D72980D1309D}.Release|Any CPU.ActiveCfg = Release|Any CPU
		{E792C6BA-BCBC-DEF9-FC7B-D72980D1309D}.Release|Any CPU.Build.0 = Release|Any CPU
		{24C4BBA3-281D-EC39-7856-FD8EC10012E8}.Debug|Any CPU.ActiveCfg = Debug|Any CPU
		{24C4BBA3-281D-EC39-7856-FD8EC10012E8}.Debug|Any CPU.Build.0 = Debug|Any CPU
		{24C4BBA3-281D-EC39-7856-FD8EC10012E8}.Release|Any CPU.ActiveCfg = Release|Any CPU
		{24C4BBA3-281D-EC39-7856-FD8EC10012E8}.Release|Any CPU.Build.0 = Release|Any CPU
		{22B9FC4F-037F-5758-E4A2-2FC1EB6D3308}.Debug|Any CPU.ActiveCfg = Debug|Any CPU
		{22B9FC4F-037F-5758-E4A2-2FC1EB6D3308}.Debug|Any CPU.Build.0 = Debug|Any CPU
		{22B9FC4F-037F-5758-E4A2-2FC1EB6D3308}.Release|Any CPU.ActiveCfg = Release|Any CPU
		{22B9FC4F-037F-5758-E4A2-2FC1EB6D3308}.Release|Any CPU.Build.0 = Release|Any CPU
	EndGlobalSection
	GlobalSection(SolutionProperties) = preSolution
		HideSolutionNode = FALSE
	EndGlobalSection
	GlobalSection(MonoDevelopProperties) = preSolution
		StartupItem = Assembly-CSharp.csproj
	EndGlobalSection
EndGlobal
